// !$*UTF8*$!
{
	archiveVersion = 1;
	classes = {
	};
	objectVersion = 46;
	objects = {

		70951989A0DD0871E363F659 = {isa = PBXBuildFile; fileRef = 8B6CFD55DA3DCADF8C00CD41; };
		CF867A19D96832482A207083 = {isa = PBXBuildFile; fileRef = D681E6A93245909BAEAAEC5F; };
		90474DE6C14D043E6BB90441 = {isa = PBXBuildFile; fileRef = 6C6AA63FC0C967EEF265D22B; };
		D33261083F300C8F0BA271CC = {isa = PBXBuildFile; fileRef = 0341D54D30FAF00010110CFA; };
		1AC295D338E8D1529AE4585B = {isa = PBXBuildFile; fileRef = 6B743674EC963E1B14F2F18F; };
		3C68697CD9BCEA240FB7A882 = {isa = PBXBuildFile; fileRef = D790F73EE0E5F38E1DD35CA8; };
		6252673D506D0BED11F4EE89 = {isa = PBXBuildFile; fileRef = 07D6A59DD1B4ADD6A59D2295; };
		9B7761E11EDDB46B61EA6D44 = {isa = PBXBuildFile; fileRef = E77CCCABF6BA77D3AD8462B4; };
		B9F219BBEB66F81E7EF3D598 = {isa = PBXBuildFile; fileRef = B2C0085F57F801BB8C02F44F; };
		2B724719749C32C4349A32C6 = {isa = PBXBuildFile; fileRef = FB43E9B77787409B36C1817B; };
		2019C824B89D77449207BF96 = {isa = PBXBuildFile; fileRef = 358DECD7992390AA9FFFA558; };
		E6C068F0C5E3AFABB353475A = {isa = PBXBuildFile; fileRef = 7D3D59686DC927427647C6FD; };
		A7E5B1F3070DE5CAC59F2E5D = {isa = PBXBuildFile; fileRef = 3B774E0D6F60B88825BA9E02; };
		FEC425EAFFFC0D9A139CDD52 = {isa = PBXBuildFile; fileRef = B1028BE73D34EE7BC452FA07; };
		870C6260F8EAE183DD1D8283 = {isa = PBXBuildFile; fileRef = CC89A57636DF713D1D418E7F; };
		084A2D6C19955D1A87C83CCF = {isa = PBXBuildFile; fileRef = 6AE97CDC4874E1E01ACBB248; };
		B6621E3127B2F8401A5CCCDB = {isa = PBXBuildFile; fileRef = 541E5F19082C5FA5311818B6; };
		C5AA0199C050D8285ADC3CDE = {isa = PBXBuildFile; fileRef = 1C711CD585540FA91DDB3796; };
		874C1B6B721293A3567E60FD = {isa = PBXBuildFile; fileRef = DEA7B5C3B15B2D9F150B8A07; };
		EF5D8928B256556F9FFFF89E = {isa = PBXBuildFile; fileRef = EA5A38231545BDD41EB18211; };
		7DC55BF0648B83BACE02A874 = {isa = PBXBuildFile; fileRef = 21062F3E182086C253A3D42A; };
		F144895EB27F14D0506C7B26 = {isa = PBXBuildFile; fileRef = 4252E1C988C74E60702C4764; };
		669A2235FF7B4B4602437B6E = {isa = PBXBuildFile; fileRef = 3667447150C82DAE98197D6B; };
		68FD4170AD8DE19A53384F03 = {isa = PBXBuildFile; fileRef = 194A8734798D1A3AC58C4C40; };
		EB7616FDB984F33A27A3E8F9 = {isa = PBXBuildFile; fileRef = 01D9BF991FB0EA6AB5E12AD8; };
		0B1F731E22D132E92C948021 = {isa = PBXBuildFile; fileRef = A7FEB35A8C635F40DB258FF1; };
		77CABF9CA43F9D017F6F9046 = {isa = PBXBuildFile; fileRef = A6D628D4A18DFB5CB4BF4C4F; };
		D3D0188F7F07A43946FF0D20 = {isa = PBXBuildFile; fileRef = 2FC96A8ECC624B2BBBC97727; };
		4E46A2C4ABC21A172D9FD4BE = {isa = PBXBuildFile; fileRef = 604AA3CCFC6EEA41C47E9143; };
		131F8D6935545CA9FD420955 = {isa = PBXBuildFile; fileRef = 2C8BEB082B55F1DE8E3F6EA2; };
		7BD133106F7D511C531A8204 = {isa = PBXBuildFile; fileRef = 7C65325992A8F8BDA0FD9C4E; };
		83D5706B3AECCE6FDCADC96A = {isa = PBXBuildFile; fileRef = B5AFE12495557F28D0242A77; };
		F378CFD542B9F9A2DE4450BC = {isa = PBXBuildFile; fileRef = 8AFE5ADCED9491C708D4362B; };
		44A6C2E18A4BAD5252628466 = {isa = PBXBuildFile; fileRef = 6F76067D6BDAD7C0506DC006; };
		CCA205E05BAE5AF898EB1748 = {isa = PBXBuildFile; fileRef = 8ABE26DE5A73CAF434B8E868; };
		A25A8009736C1B06A0A438B0 = {isa = PBXBuildFile; fileRef = 58F0C48C3D57B775C7921F73; };
		01D9BF991FB0EA6AB5E12AD8 = {isa = PBXFileReference; lastKnownFileType = sourcecode.cpp.objcpp; name = "include_juce_audio_processors.mm"; path = "../../JuceLibraryCode/include_juce_audio_processors.mm"; sourceTree = "SOURCE_ROOT"; };
		0341D54D30FAF00010110CFA = {isa = PBXFileReference; lastKnownFileType = wrapper.framework; name = AVFoundation.framework; path = System/Library/Frameworks/AVFoundation.framework; sourceTree = SDKROOT; };
		07D6A59DD1B4ADD6A59D2295 = {isa = PBXFileReference; lastKnownFileType = wrapper.framework; name = Cocoa.framework; path = System/Library/Frameworks/Cocoa.framework; sourceTree = SDKROOT; };
		1265D8495EBB61B0ED6C8EC6 = {isa = PBXFileReference; lastKnownFileType = sourcecode.c.h; name = AudioMain.h; path = ../../Source/AudioMain.h; sourceTree = "SOURCE_ROOT"; };
		1407954808DA05D64B82D513 = {isa = PBXFileReference; lastKnownFileType = file; name = "juce_audio_utils"; path = "~/JUCE/modules/juce_audio_utils"; sourceTree = "<absolute>"; };
		194A8734798D1A3AC58C4C40 = {isa = PBXFileReference; lastKnownFileType = sourcecode.cpp.objcpp; name = "include_juce_audio_formats.mm"; path = "../../JuceLibraryCode/include_juce_audio_formats.mm"; sourceTree = "SOURCE_ROOT"; };
		1C711CD585540FA91DDB3796 = {isa = PBXFileReference; lastKnownFileType = sourcecode.cpp.cpp; name = FluidSynthPreset.cpp; path = "../../Source/Fluid Synth/FluidSynthPreset.cpp"; sourceTree = "SOURCE_ROOT"; };
		21062F3E182086C253A3D42A = {isa = PBXFileReference; lastKnownFileType = sourcecode.cpp.cpp; name = AudioMain.cpp; path = ../../Source/AudioMain.cpp; sourceTree = "SOURCE_ROOT"; };
		2C8BEB082B55F1DE8E3F6EA2 = {isa = PBXFileReference; lastKnownFileType = sourcecode.cpp.objcpp; name = "include_juce_events.mm"; path = "../../JuceLibraryCode/include_juce_events.mm"; sourceTree = "SOURCE_ROOT"; };
		2FC96A8ECC624B2BBBC97727 = {isa = PBXFileReference; lastKnownFileType = sourcecode.cpp.objcpp; name = "include_juce_cryptography.mm"; path = "../../JuceLibraryCode/include_juce_cryptography.mm"; sourceTree = "SOURCE_ROOT"; };
		358DECD7992390AA9FFFA558 = {isa = PBXFileReference; lastKnownFileType = wrapper.framework; name = DiscRecording.framework; path = System/Library/Frameworks/DiscRecording.framework; sourceTree = SDKROOT; };
		3667447150C82DAE98197D6B = {isa = PBXFileReference; lastKnownFileType = sourcecode.cpp.objcpp; name = "include_juce_audio_devices.mm"; path = "../../JuceLibraryCode/include_juce_audio_devices.mm"; sourceTree = "SOURCE_ROOT"; };
		3B774E0D6F60B88825BA9E02 = {isa = PBXFileReference; lastKnownFileType = wrapper.framework; name = OpenGL.framework; path = System/Library/Frameworks/OpenGL.framework; sourceTree = SDKROOT; };
		4252E1C988C74E60702C4764 = {isa = PBXFileReference; lastKnownFileType = sourcecode.cpp.objcpp; name = "include_juce_audio_basics.mm"; path = "../../JuceLibraryCode/include_juce_audio_basics.mm"; sourceTree = "SOURCE_ROOT"; };
		52F8B2A612D1126A31383143 = {isa = PBXFileReference; lastKnownFileType = file; name = "juce_core"; path = "~/JUCE/modules/juce_core"; sourceTree = "<absolute>"; };
		541E5F19082C5FA5311818B6 = {isa = PBXFileReference; lastKnownFileType = sourcecode.cpp.cpp; name = FluidSynthObject.cpp; path = "../../Source/Fluid Synth/FluidSynthObject.cpp"; sourceTree = "SOURCE_ROOT"; };
		54EC07034F3E512BCE51463C = {isa = PBXFileReference; lastKnownFileType = file; name = "juce_graphics"; path = "~/JUCE/modules/juce_graphics"; sourceTree = "<absolute>"; };
		58F0C48C3D57B775C7921F73 = {isa = PBXFileReference; lastKnownFileType = sourcecode.cpp.objcpp; name = "include_juce_video.mm"; path = "../../JuceLibraryCode/include_juce_video.mm"; sourceTree = "SOURCE_ROOT"; };
		5E73B6C387244B81043B4CC2 = {isa = PBXFileReference; lastKnownFileType = file; name = "juce_video"; path = "~/JUCE/modules/juce_video"; sourceTree = "<absolute>"; };
		604AA3CCFC6EEA41C47E9143 = {isa = PBXFileReference; lastKnownFileType = sourcecode.cpp.objcpp; name = "include_juce_data_structures.mm"; path = "../../JuceLibraryCode/include_juce_data_structures.mm"; sourceTree = "SOURCE_ROOT"; };
		699044555C22AC26024598A7 = {isa = PBXFileReference; lastKnownFileType = file; name = "juce_data_structures"; path = "~/JUCE/modules/juce_data_structures"; sourceTree = "<absolute>"; };
		6AE97CDC4874E1E01ACBB248 = {isa = PBXFileReference; lastKnownFileType = file.nib; name = RecentFilesMenuTemplate.nib; path = RecentFilesMenuTemplate.nib; sourceTree = "SOURCE_ROOT"; };
		6B743674EC963E1B14F2F18F = {isa = PBXFileReference; lastKnownFileType = wrapper.framework; name = AVKit.framework; path = System/Library/Frameworks/AVKit.framework; sourceTree = SDKROOT; };
		6C6AA63FC0C967EEF265D22B = {isa = PBXFileReference; lastKnownFileType = wrapper.framework; name = AudioToolbox.framework; path = System/Library/Frameworks/AudioToolbox.framework; sourceTree = SDKROOT; };
		6F76067D6BDAD7C0506DC006 = {isa = PBXFileReference; lastKnownFileType = sourcecode.cpp.objcpp; name = "include_juce_opengl.mm"; path = "../../JuceLibraryCode/include_juce_opengl.mm"; sourceTree = "SOURCE_ROOT"; };
		710AAE3B1CFF1CB2D683EBD7 = {isa = PBXFileReference; lastKnownFileType = file; name = "juce_events"; path = "~/JUCE/modules/juce_events"; sourceTree = "<absolute>"; };
		72220FD5F788A1312256831B = {isa = PBXFileReference; lastKnownFileType = file; name = "juce_audio_devices"; path = "~/JUCE/modules/juce_audio_devices"; sourceTree = "<absolute>"; };
		72996B973797112DAA4D3623 = {isa = PBXFileReference; lastKnownFileType = sourcecode.c.h; name = AppConfig.h; path = ../../JuceLibraryCode/AppConfig.h; sourceTree = "SOURCE_ROOT"; };
		7C65325992A8F8BDA0FD9C4E = {isa = PBXFileReference; lastKnownFileType = sourcecode.cpp.objcpp; name = "include_juce_graphics.mm"; path = "../../JuceLibraryCode/include_juce_graphics.mm"; sourceTree = "SOURCE_ROOT"; };
		7D3D59686DC927427647C6FD = {isa = PBXFileReference; lastKnownFileType = wrapper.framework; name = IOKit.framework; path = System/Library/Frameworks/IOKit.framework; sourceTree = SDKROOT; };
		8ABE26DE5A73CAF434B8E868 = {isa = PBXFileReference; lastKnownFileType = sourcecode.cpp.cpp; name = "include_juce_osc.cpp"; path = "../../JuceLibraryCode/include_juce_osc.cpp"; sourceTree = "SOURCE_ROOT"; };
		8AFE5ADCED9491C708D4362B = {isa = PBXFileReference; lastKnownFileType = sourcecode.cpp.objcpp; name = "include_juce_gui_extra.mm"; path = "../../JuceLibraryCode/include_juce_gui_extra.mm"; sourceTree = "SOURCE_ROOT"; };
		8B6CFD55DA3DCADF8C00CD41 = {isa = PBXFileReference; explicitFileType = wrapper.application; includeInIndex = 0; path = "IGME Synth.app"; sourceTree = "BUILT_PRODUCTS_DIR"; };
		8C818618AEE03BA992DC6302 = {isa = PBXFileReference; lastKnownFileType = sourcecode.c.h; name = coms.h; path = ../../Source/coms.h; sourceTree = "SOURCE_ROOT"; };
		91E4B46D3318D0A9627025B0 = {isa = PBXFileReference; lastKnownFileType = file; name = "juce_audio_basics"; path = "~/JUCE/modules/juce_audio_basics"; sourceTree = "<absolute>"; };
		96B3437EAB94D30D524D7161 = {isa = PBXFileReference; lastKnownFileType = file; name = "juce_opengl"; path = "~/JUCE/modules/juce_opengl"; sourceTree = "<absolute>"; };
		97CB3DDF403E7C18B05FC21B = {isa = PBXFileReference; lastKnownFileType = sourcecode.c.h; name = FluidSynthPreset.hpp; path = "../../Source/Fluid Synth/FluidSynthPreset.hpp"; sourceTree = "SOURCE_ROOT"; };
		A1F4A2C2BD4A87CDC2B01977 = {isa = PBXFileReference; lastKnownFileType = file; name = "juce_audio_formats"; path = "~/JUCE/modules/juce_audio_formats"; sourceTree = "<absolute>"; };
		A6D628D4A18DFB5CB4BF4C4F = {isa = PBXFileReference; lastKnownFileType = sourcecode.cpp.objcpp; name = "include_juce_core.mm"; path = "../../JuceLibraryCode/include_juce_core.mm"; sourceTree = "SOURCE_ROOT"; };
		A7FEB35A8C635F40DB258FF1 = {isa = PBXFileReference; lastKnownFileType = sourcecode.cpp.objcpp; name = "include_juce_audio_utils.mm"; path = "../../JuceLibraryCode/include_juce_audio_utils.mm"; sourceTree = "SOURCE_ROOT"; };
		AADA8BA072924EC195D017EA = {isa = PBXFileReference; lastKnownFileType = sourcecode.c.h; name = FluidSynthObject.hpp; path = "../../Source/Fluid Synth/FluidSynthObject.hpp"; sourceTree = "SOURCE_ROOT"; };
		B0CDAC3844BA3AC0ECDFECFE = {isa = PBXFileReference; lastKnownFileType = text.plist.xml; name = "Info-App.plist"; path = "Info-App.plist"; sourceTree = "SOURCE_ROOT"; };
		B1028BE73D34EE7BC452FA07 = {isa = PBXFileReference; lastKnownFileType = wrapper.framework; name = QuartzCore.framework; path = System/Library/Frameworks/QuartzCore.framework; sourceTree = SDKROOT; };
		B2C0085F57F801BB8C02F44F = {isa = PBXFileReference; lastKnownFileType = wrapper.framework; name = CoreMedia.framework; path = System/Library/Frameworks/CoreMedia.framework; sourceTree = SDKROOT; };
		B34BCB36DDCA075EB1BBF128 = {isa = PBXFileReference; lastKnownFileType = file; name = "juce_gui_basics"; path = "~/JUCE/modules/juce_gui_basics"; sourceTree = "<absolute>"; };
		B5AFE12495557F28D0242A77 = {isa = PBXFileReference; lastKnownFileType = sourcecode.cpp.objcpp; name = "include_juce_gui_basics.mm"; path = "../../JuceLibraryCode/include_juce_gui_basics.mm"; sourceTree = "SOURCE_ROOT"; };
		CC89A57636DF713D1D418E7F = {isa = PBXFileReference; lastKnownFileType = wrapper.framework; name = WebKit.framework; path = System/Library/Frameworks/WebKit.framework; sourceTree = SDKROOT; };
		D096C19C539C6DEB876D50C1 = {isa = PBXFileReference; lastKnownFileType = file; name = "juce_audio_processors"; path = "~/JUCE/modules/juce_audio_processors"; sourceTree = "<absolute>"; };
		D681E6A93245909BAEAAEC5F = {isa = PBXFileReference; lastKnownFileType = wrapper.framework; name = Accelerate.framework; path = System/Library/Frameworks/Accelerate.framework; sourceTree = SDKROOT; };
		D790F73EE0E5F38E1DD35CA8 = {isa = PBXFileReference; lastKnownFileType = wrapper.framework; name = Carbon.framework; path = System/Library/Frameworks/Carbon.framework; sourceTree = SDKROOT; };
		DB12CB7DB7E2D37943E09460 = {isa = PBXFileReference; lastKnownFileType = file; name = "juce_osc"; path = "~/JUCE/modules/juce_osc"; sourceTree = "<absolute>"; };
		DEA7B5C3B15B2D9F150B8A07 = {isa = PBXFileReference; lastKnownFileType = sourcecode.cpp.cpp; name = MainComponent.cpp; path = ../../Source/MainComponent.cpp; sourceTree = "SOURCE_ROOT"; };
		E77CCCABF6BA77D3AD8462B4 = {isa = PBXFileReference; lastKnownFileType = wrapper.framework; name = CoreAudio.framework; path = System/Library/Frameworks/CoreAudio.framework; sourceTree = SDKROOT; };
		EA5A38231545BDD41EB18211 = {isa = PBXFileReference; lastKnownFileType = sourcecode.cpp.cpp; name = Main.cpp; path = ../../Source/Main.cpp; sourceTree = "SOURCE_ROOT"; };
		EBD7A4172DE16A1E6A707B86 = {isa = PBXFileReference; lastKnownFileType = file; name = "juce_gui_extra"; path = "~/JUCE/modules/juce_gui_extra"; sourceTree = "<absolute>"; };
		FB43E9B77787409B36C1817B = {isa = PBXFileReference; lastKnownFileType = wrapper.framework; name = CoreMIDI.framework; path = System/Library/Frameworks/CoreMIDI.framework; sourceTree = SDKROOT; };
		FBE896D00C7D6AA07B6A7C36 = {isa = PBXFileReference; lastKnownFileType = file; name = "juce_cryptography"; path = "~/JUCE/modules/juce_cryptography"; sourceTree = "<absolute>"; };
		FDF609FC6FBB91B9959240A9 = {isa = PBXFileReference; lastKnownFileType = sourcecode.c.h; name = JuceHeader.h; path = ../../JuceLibraryCode/JuceHeader.h; sourceTree = "SOURCE_ROOT"; };
		02E2820699D7CE68C1586134 = {isa = PBXGroup; children = (
					541E5F19082C5FA5311818B6,
					AADA8BA072924EC195D017EA,
					1C711CD585540FA91DDB3796,
					97CB3DDF403E7C18B05FC21B, ); name = "Fluid Synth"; sourceTree = "<group>"; };
		59A3846AFD64F5B9DB37B230 = {isa = PBXGroup; children = (
					DEA7B5C3B15B2D9F150B8A07,
					EA5A38231545BDD41EB18211, ); name = Source; sourceTree = "<group>"; };
		8F23EBC0996CBE59E3DBC8D4 = {isa = PBXGroup; children = (
					02E2820699D7CE68C1586134,
					59A3846AFD64F5B9DB37B230,
					21062F3E182086C253A3D42A,
					1265D8495EBB61B0ED6C8EC6,
					8C818618AEE03BA992DC6302, ); name = "IGME Synth"; sourceTree = "<group>"; };
		B31D40F49F6560644D19352C = {isa = PBXGroup; children = (
					91E4B46D3318D0A9627025B0,
					72220FD5F788A1312256831B,
					A1F4A2C2BD4A87CDC2B01977,
					D096C19C539C6DEB876D50C1,
					1407954808DA05D64B82D513,
					52F8B2A612D1126A31383143,
					FBE896D00C7D6AA07B6A7C36,
					699044555C22AC26024598A7,
					710AAE3B1CFF1CB2D683EBD7,
					54EC07034F3E512BCE51463C,
					B34BCB36DDCA075EB1BBF128,
					EBD7A4172DE16A1E6A707B86,
					96B3437EAB94D30D524D7161,
					DB12CB7DB7E2D37943E09460,
					5E73B6C387244B81043B4CC2, ); name = "JUCE Modules"; sourceTree = "<group>"; };
		402A0C3D4980CAB6B71EBAA2 = {isa = PBXGroup; children = (
					72996B973797112DAA4D3623,
					4252E1C988C74E60702C4764,
					3667447150C82DAE98197D6B,
					194A8734798D1A3AC58C4C40,
					01D9BF991FB0EA6AB5E12AD8,
					A7FEB35A8C635F40DB258FF1,
					A6D628D4A18DFB5CB4BF4C4F,
					2FC96A8ECC624B2BBBC97727,
					604AA3CCFC6EEA41C47E9143,
					2C8BEB082B55F1DE8E3F6EA2,
					7C65325992A8F8BDA0FD9C4E,
					B5AFE12495557F28D0242A77,
					8AFE5ADCED9491C708D4362B,
					6F76067D6BDAD7C0506DC006,
					8ABE26DE5A73CAF434B8E868,
					58F0C48C3D57B775C7921F73,
					FDF609FC6FBB91B9959240A9, ); name = "JUCE Library Code"; sourceTree = "<group>"; };
		C150E4FB2915C0908AAB3227 = {isa = PBXGroup; children = (
					B0CDAC3844BA3AC0ECDFECFE,
					6AE97CDC4874E1E01ACBB248, ); name = Resources; sourceTree = "<group>"; };
		38CD69AA2CECD740A17A7594 = {isa = PBXGroup; children = (
					D681E6A93245909BAEAAEC5F,
					6C6AA63FC0C967EEF265D22B,
					0341D54D30FAF00010110CFA,
					6B743674EC963E1B14F2F18F,
					D790F73EE0E5F38E1DD35CA8,
					07D6A59DD1B4ADD6A59D2295,
					E77CCCABF6BA77D3AD8462B4,
					B2C0085F57F801BB8C02F44F,
					FB43E9B77787409B36C1817B,
					358DECD7992390AA9FFFA558,
					7D3D59686DC927427647C6FD,
					3B774E0D6F60B88825BA9E02,
					B1028BE73D34EE7BC452FA07,
					CC89A57636DF713D1D418E7F, ); name = Frameworks; sourceTree = "<group>"; };
		EA82644902F59D977FC477EE = {isa = PBXGroup; children = (
					8B6CFD55DA3DCADF8C00CD41, ); name = Products; sourceTree = "<group>"; };
		A95EE558C6B9B69DE3B8E3B2 = {isa = PBXGroup; children = (
					8F23EBC0996CBE59E3DBC8D4,
					B31D40F49F6560644D19352C,
					402A0C3D4980CAB6B71EBAA2,
					C150E4FB2915C0908AAB3227,
					38CD69AA2CECD740A17A7594,
					EA82644902F59D977FC477EE, ); name = Source; sourceTree = "<group>"; };
		91FFDBF3E4276D5478F04956 = {isa = XCBuildConfiguration; buildSettings = {
				CLANG_CXX_LANGUAGE_STANDARD = "c++11";
				CLANG_CXX_LIBRARY = "libc++";
				CLANG_LINK_OBJC_RUNTIME = NO;
				COMBINE_HIDPI_IMAGES = YES;
				CONFIGURATION_BUILD_DIR = "$(PROJECT_DIR)/build/$(CONFIGURATION)";
				COPY_PHASE_STRIP = NO;
				GCC_DYNAMIC_NO_PIC = NO;
				GCC_OPTIMIZATION_LEVEL = 0;
				GCC_PREPROCESSOR_DEFINITIONS = (
					"_DEBUG=1",
					"DEBUG=1",
					"JUCER_XCODE_MAC_F6D2F4CF=1",
					"JUCE_APP_VERSION=1.0.0",
					"JUCE_APP_VERSION_HEX=0x10000",
					"JucePlugin_Build_VST=0",
					"JucePlugin_Build_VST3=0",
					"JucePlugin_Build_AU=0",
					"JucePlugin_Build_AUv3=0",
					"JucePlugin_Build_RTAS=0",
					"JucePlugin_Build_AAX=0",
					"JucePlugin_Build_Standalone=0", );
				GCC_VERSION = com.apple.compilers.llvm.clang.1_0;
				HEADER_SEARCH_PATHS = ("../../JuceLibraryCode", "~/JUCE/modules", "$(inherited)");
				INFOPLIST_FILE = Info-App.plist;
				INFOPLIST_PREPROCESS = NO;
				INSTALL_PATH = "$(HOME)/Applications";
				MACOSX_DEPLOYMENT_TARGET = 10.11;
				MACOSX_DEPLOYMENT_TARGET_ppc = 10.4;
				PRODUCT_BUNDLE_IDENTIFIER = com.yourcompany.IGMESynth;
				SDKROOT_ppc = macosx10.5;
				USE_HEADERMAP = NO; }; name = Debug; };
		B8B3E89139B905A54193DFFB = {isa = XCBuildConfiguration; buildSettings = {
				CLANG_CXX_LANGUAGE_STANDARD = "c++11";
				CLANG_CXX_LIBRARY = "libc++";
				CLANG_LINK_OBJC_RUNTIME = NO;
				COMBINE_HIDPI_IMAGES = YES;
				CONFIGURATION_BUILD_DIR = "$(PROJECT_DIR)/build/$(CONFIGURATION)";
				DEAD_CODE_STRIPPING = YES;
				GCC_GENERATE_DEBUGGING_SYMBOLS = NO;
				GCC_OPTIMIZATION_LEVEL = 3;
				GCC_PREPROCESSOR_DEFINITIONS = (
					"_NDEBUG=1",
					"NDEBUG=1",
					"JUCER_XCODE_MAC_F6D2F4CF=1",
					"JUCE_APP_VERSION=1.0.0",
					"JUCE_APP_VERSION_HEX=0x10000",
					"JucePlugin_Build_VST=0",
					"JucePlugin_Build_VST3=0",
					"JucePlugin_Build_AU=0",
					"JucePlugin_Build_AUv3=0",
					"JucePlugin_Build_RTAS=0",
					"JucePlugin_Build_AAX=0",
					"JucePlugin_Build_Standalone=0", );
				GCC_SYMBOLS_PRIVATE_EXTERN = YES;
				GCC_VERSION = com.apple.compilers.llvm.clang.1_0;
				HEADER_SEARCH_PATHS = ("../../JuceLibraryCode", "~/JUCE/modules", "$(inherited)");
				INFOPLIST_FILE = Info-App.plist;
				INFOPLIST_PREPROCESS = NO;
				INSTALL_PATH = "$(HOME)/Applications";
				LLVM_LTO = YES;
				MACOSX_DEPLOYMENT_TARGET = 10.11;
				MACOSX_DEPLOYMENT_TARGET_ppc = 10.4;
				PRODUCT_BUNDLE_IDENTIFIER = com.yourcompany.IGMESynth;
				SDKROOT_ppc = macosx10.5;
				USE_HEADERMAP = NO; }; name = Release; };
		C688B381B1E8FE26FBC78EF4 = {isa = XCBuildConfiguration; buildSettings = {
				CLANG_CXX_LANGUAGE_STANDARD = "c++11";
				CLANG_CXX_LIBRARY = "libc++";
				CLANG_LINK_OBJC_RUNTIME = NO;
				COMBINE_HIDPI_IMAGES = YES;
				CONFIGURATION_BUILD_DIR = "$(PROJECT_DIR)/build/$(CONFIGURATION)";
				DEAD_CODE_STRIPPING = YES;
				GCC_GENERATE_DEBUGGING_SYMBOLS = NO;
				GCC_OPTIMIZATION_LEVEL = 3;
				GCC_PREPROCESSOR_DEFINITIONS = (
					"_NDEBUG=1",
					"NDEBUG=1",
					"JUCER_XCODE_MAC_F6D2F4CF=1",
					"JUCE_APP_VERSION=1.0.0",
					"JUCE_APP_VERSION_HEX=0x10000",
					"JucePlugin_Build_VST=0",
					"JucePlugin_Build_VST3=0",
					"JucePlugin_Build_AU=0",
					"JucePlugin_Build_AUv3=0",
					"JucePlugin_Build_RTAS=0",
					"JucePlugin_Build_AAX=0",
					"JucePlugin_Build_Standalone=0", );
				GCC_SYMBOLS_PRIVATE_EXTERN = YES;
				GCC_VERSION = com.apple.compilers.llvm.clang.1_0;
				HEADER_SEARCH_PATHS = ("../../JuceLibraryCode", "~/JUCE/modules", "$(inherited)");
				INFOPLIST_FILE = Info-App.plist;
				INFOPLIST_PREPROCESS = NO;
				INSTALL_PATH = "$(HOME)/Applications";
				LLVM_LTO = YES;
				MACOSX_DEPLOYMENT_TARGET = 10.11;
				MACOSX_DEPLOYMENT_TARGET_ppc = 10.4;
				PRODUCT_BUNDLE_IDENTIFIER = com.yourcompany.IGMESynth;
				SDKROOT_ppc = macosx10.5;
				USE_HEADERMAP = NO; }; name = "Build Configuration"; };
		8A20280989EAFB060743C5E0 = {isa = XCBuildConfiguration; buildSettings = {
				ALWAYS_SEARCH_USER_PATHS = NO;
				CLANG_WARN_BLOCK_CAPTURE_AUTORELEASING = YES;
				CLANG_WARN_BOOL_CONVERSION = YES;
				CLANG_WARN_COMMA = YES;
				CLANG_WARN_CONSTANT_CONVERSION = YES;
				CLANG_WARN_EMPTY_BODY = YES;
				CLANG_WARN_ENUM_CONVERSION = YES;
				CLANG_WARN_INFINITE_RECURSION = YES;
				CLANG_WARN_INT_CONVERSION = YES;
				CLANG_WARN_NON_LITERAL_NULL_CONVERSION = YES;
				CLANG_WARN_OBJC_LITERAL_CONVERSION = YES;
				CLANG_WARN_RANGE_LOOP_ANALYSIS = YES;
				CLANG_WARN_STRICT_PROTOTYPES = YES;
				CLANG_WARN_SUSPICIOUS_MOVE = YES;
				CLANG_WARN_UNREACHABLE_CODE = YES;
				CLANG_WARN__DUPLICATE_METHOD_MATCH = YES;
				DEBUG_INFORMATION_FORMAT = "dwarf";
				ENABLE_STRICT_OBJC_MSGSEND = YES;
				ENABLE_TESTABILITY = YES;
				GCC_C_LANGUAGE_STANDARD = c11;
				GCC_INLINES_ARE_PRIVATE_EXTERN = YES;
				GCC_MODEL_TUNING = G5;
				GCC_NO_COMMON_BLOCKS = YES;
				GCC_WARN_64_TO_32_BIT_CONVERSION = YES;
				GCC_WARN_ABOUT_RETURN_TYPE = YES;
				GCC_WARN_CHECK_SWITCH_STATEMENTS = YES;
				GCC_WARN_MISSING_PARENTHESES = YES;
				GCC_WARN_NON_VIRTUAL_DESTRUCTOR = YES;
				GCC_WARN_TYPECHECK_CALLS_TO_PRINTF = YES;
				GCC_WARN_UNDECLARED_SELECTOR = YES;
				GCC_WARN_UNINITIALIZED_AUTOS = YES;
				GCC_WARN_UNUSED_FUNCTION = YES;
				GCC_WARN_UNUSED_VARIABLE = YES;
				ONLY_ACTIVE_ARCH = YES;
				PRODUCT_NAME = "IGME Synth";
				WARNING_CFLAGS = -Wreorder;
				ZERO_LINK = NO; }; name = Debug; };
		F6B400636753EAD8CF785AE3 = {isa = XCBuildConfiguration; buildSettings = {
				ALWAYS_SEARCH_USER_PATHS = NO;
				CLANG_WARN_BLOCK_CAPTURE_AUTORELEASING = YES;
				CLANG_WARN_BOOL_CONVERSION = YES;
				CLANG_WARN_COMMA = YES;
				CLANG_WARN_CONSTANT_CONVERSION = YES;
				CLANG_WARN_EMPTY_BODY = YES;
				CLANG_WARN_ENUM_CONVERSION = YES;
				CLANG_WARN_INFINITE_RECURSION = YES;
				CLANG_WARN_INT_CONVERSION = YES;
				CLANG_WARN_NON_LITERAL_NULL_CONVERSION = YES;
				CLANG_WARN_OBJC_LITERAL_CONVERSION = YES;
				CLANG_WARN_RANGE_LOOP_ANALYSIS = YES;
				CLANG_WARN_STRICT_PROTOTYPES = YES;
				CLANG_WARN_SUSPICIOUS_MOVE = YES;
				CLANG_WARN_UNREACHABLE_CODE = YES;
				CLANG_WARN__DUPLICATE_METHOD_MATCH = YES;
				DEBUG_INFORMATION_FORMAT = "dwarf";
				ENABLE_STRICT_OBJC_MSGSEND = YES;
				GCC_C_LANGUAGE_STANDARD = c11;
				GCC_INLINES_ARE_PRIVATE_EXTERN = YES;
				GCC_MODEL_TUNING = G5;
				GCC_NO_COMMON_BLOCKS = YES;
				GCC_WARN_64_TO_32_BIT_CONVERSION = YES;
				GCC_WARN_ABOUT_RETURN_TYPE = YES;
				GCC_WARN_CHECK_SWITCH_STATEMENTS = YES;
				GCC_WARN_MISSING_PARENTHESES = YES;
				GCC_WARN_NON_VIRTUAL_DESTRUCTOR = YES;
				GCC_WARN_TYPECHECK_CALLS_TO_PRINTF = YES;
				GCC_WARN_UNDECLARED_SELECTOR = YES;
				GCC_WARN_UNINITIALIZED_AUTOS = YES;
				GCC_WARN_UNUSED_FUNCTION = YES;
				GCC_WARN_UNUSED_VARIABLE = YES;
				PRODUCT_NAME = "IGME Synth";
				WARNING_CFLAGS = -Wreorder;
				ZERO_LINK = NO; }; name = Release; };
		E72C86AB8CE00D6814DA931A = {isa = XCBuildConfiguration; buildSettings = {
				ALWAYS_SEARCH_USER_PATHS = NO;
				CLANG_WARN_BLOCK_CAPTURE_AUTORELEASING = YES;
				CLANG_WARN_BOOL_CONVERSION = YES;
				CLANG_WARN_COMMA = YES;
				CLANG_WARN_CONSTANT_CONVERSION = YES;
				CLANG_WARN_EMPTY_BODY = YES;
				CLANG_WARN_ENUM_CONVERSION = YES;
				CLANG_WARN_INFINITE_RECURSION = YES;
				CLANG_WARN_INT_CONVERSION = YES;
				CLANG_WARN_NON_LITERAL_NULL_CONVERSION = YES;
				CLANG_WARN_OBJC_LITERAL_CONVERSION = YES;
				CLANG_WARN_RANGE_LOOP_ANALYSIS = YES;
				CLANG_WARN_STRICT_PROTOTYPES = YES;
				CLANG_WARN_SUSPICIOUS_MOVE = YES;
				CLANG_WARN_UNREACHABLE_CODE = YES;
				CLANG_WARN__DUPLICATE_METHOD_MATCH = YES;
				DEBUG_INFORMATION_FORMAT = "dwarf";
				ENABLE_STRICT_OBJC_MSGSEND = YES;
				GCC_C_LANGUAGE_STANDARD = c11;
				GCC_INLINES_ARE_PRIVATE_EXTERN = YES;
				GCC_MODEL_TUNING = G5;
				GCC_NO_COMMON_BLOCKS = YES;
				GCC_WARN_64_TO_32_BIT_CONVERSION = YES;
				GCC_WARN_ABOUT_RETURN_TYPE = YES;
				GCC_WARN_CHECK_SWITCH_STATEMENTS = YES;
				GCC_WARN_MISSING_PARENTHESES = YES;
				GCC_WARN_NON_VIRTUAL_DESTRUCTOR = YES;
				GCC_WARN_TYPECHECK_CALLS_TO_PRINTF = YES;
				GCC_WARN_UNDECLARED_SELECTOR = YES;
				GCC_WARN_UNINITIALIZED_AUTOS = YES;
				GCC_WARN_UNUSED_FUNCTION = YES;
				GCC_WARN_UNUSED_VARIABLE = YES;
				PRODUCT_NAME = "IGME Synth";
				WARNING_CFLAGS = -Wreorder;
				ZERO_LINK = NO; }; name = "Build Configuration"; };
		B4CE947A8A5EDF5CF1D485C4 = {isa = PBXTargetDependency; target = 9E281B31421CBC27162766D9; };
		527A51327154F7F2974CD156 = {isa = XCConfigurationList; buildConfigurations = (
					8A20280989EAFB060743C5E0,
					F6B400636753EAD8CF785AE3,
					E72C86AB8CE00D6814DA931A, ); defaultConfigurationIsVisible = 0; defaultConfigurationName = Debug; };
		EC3416D1A9690A49DFD8C038 = {isa = XCConfigurationList; buildConfigurations = (
					91FFDBF3E4276D5478F04956,
					B8B3E89139B905A54193DFFB,
					C688B381B1E8FE26FBC78EF4, ); defaultConfigurationIsVisible = 0; defaultConfigurationName = Debug; };
		2351744BB1EF3AA2F2F12A02 = {isa = PBXResourcesBuildPhase; buildActionMask = 2147483647; files = (
					084A2D6C19955D1A87C83CCF, ); runOnlyForDeploymentPostprocessing = 0; };
		4C94820032F2E951B69FCC6A = {isa = PBXSourcesBuildPhase; buildActionMask = 2147483647; files = (
					B6621E3127B2F8401A5CCCDB,
					C5AA0199C050D8285ADC3CDE,
					874C1B6B721293A3567E60FD,
					EF5D8928B256556F9FFFF89E,
					7DC55BF0648B83BACE02A874,
					F144895EB27F14D0506C7B26,
					669A2235FF7B4B4602437B6E,
					68FD4170AD8DE19A53384F03,
					EB7616FDB984F33A27A3E8F9,
					0B1F731E22D132E92C948021,
					77CABF9CA43F9D017F6F9046,
					D3D0188F7F07A43946FF0D20,
					4E46A2C4ABC21A172D9FD4BE,
					131F8D6935545CA9FD420955,
					7BD133106F7D511C531A8204,
					83D5706B3AECCE6FDCADC96A,
					F378CFD542B9F9A2DE4450BC,
					44A6C2E18A4BAD5252628466,
					CCA205E05BAE5AF898EB1748,
					A25A8009736C1B06A0A438B0, ); runOnlyForDeploymentPostprocessing = 0; };
		19D70217489731A9E582B283 = {isa = PBXFrameworksBuildPhase; buildActionMask = 2147483647; files = (
					CF867A19D96832482A207083,
					90474DE6C14D043E6BB90441,
					D33261083F300C8F0BA271CC,
					1AC295D338E8D1529AE4585B,
					3C68697CD9BCEA240FB7A882,
					6252673D506D0BED11F4EE89,
					9B7761E11EDDB46B61EA6D44,
					B9F219BBEB66F81E7EF3D598,
					2B724719749C32C4349A32C6,
					2019C824B89D77449207BF96,
					E6C068F0C5E3AFABB353475A,
					A7E5B1F3070DE5CAC59F2E5D,
					FEC425EAFFFC0D9A139CDD52,
					870C6260F8EAE183DD1D8283, ); runOnlyForDeploymentPostprocessing = 0; };
		9E281B31421CBC27162766D9 = {isa = PBXNativeTarget; buildConfigurationList = EC3416D1A9690A49DFD8C038; buildPhases = (
					2351744BB1EF3AA2F2F12A02,
					4C94820032F2E951B69FCC6A,
					19D70217489731A9E582B283, ); buildRules = ( ); dependencies = (  ); name = "IGME Synth - App"; productName = "IGME Synth"; productReference = 8B6CFD55DA3DCADF8C00CD41; productType = "com.apple.product-type.application"; };
		C54A27402467468E1727B078 = {isa = PBXProject; buildConfigurationList = 527A51327154F7F2974CD156; attributes = { LastUpgradeCheck = 0930; ORGANIZATIONNAME = ""; TargetAttributes = { 9E281B31421CBC27162766D9 = { SystemCapabilities = {com.apple.ApplicationGroups.iOS = { enabled = 0; }; com.apple.InAppPurchase = { enabled = 0; }; com.apple.InterAppAudio = { enabled = 0; }; com.apple.Push = { enabled = 0; }; com.apple.Sandbox = { enabled = 0; }; }; }; }; }; compatibilityVersion = "Xcode 3.2"; hasScannedForEncodings = 0; mainGroup = A95EE558C6B9B69DE3B8E3B2; projectDirPath = ""; projectRoot = ""; targets = (9E281B31421CBC27162766D9); };
	};
	rootObject = C54A27402467468E1727B078;
}
